{
  "requires": true,
  "lockfileVersion": 1,
  "dependencies": {
    "moment": {
      "version": "2.26.0",
      "resolved": "https://registry.npmjs.org/moment/-/moment-2.26.0.tgz",
      "integrity": "sha512-oIixUO+OamkUkwjhAVE18rAMfRJNsNe/Stid/gwHSOfHrOtw9EhAY2AHvdKZ/k/MggcYELFCJz/Sn2pL8b8JMw=="
    },
    "node-core-lib": {
      "version": "0.11.11",
      "resolved": "https://registry.npmjs.org/node-core-lib/-/node-core-lib-0.11.11.tgz",
      "integrity": "sha1-BeE0L3ChCCGHZAEBfZyiP+vWZXE="
    }
  }
}
